{
  "object": {
    "pins": [
      {
        "package": "AudioKit",
        "repositoryURL": "https://github.com/AudioKit/AudioKit",
        "state": {
          "branch": "develop",
          "revision": "2aa025bab0464677d1e41d4c748acde9b8524c28",
          "version": null
        }
      }
    ]
  },
  "version": 1
}
