{
  "object": {
    "pins": [
      {
        "package": "AudioKit",
        "repositoryURL": "https://github.com/AudioKit/AudioKit",
        "state": {
          "branch": "develop",
          "revision": "ba3b644db9d69e88aeae87d1036744d972997706",
          "version": null
        }
      }
    ]
  },
  "version": 1
}
