{
  "pins" : [
    {
      "identity" : "audiokit",
      "kind" : "remoteSourceControl",
      "location" : "https://github.com/AudioKit/AudioKit",
      "state" : {
        "revision" : "cb50a6878535735fd1f10c8b8e5e96864630836c",
        "version" : "5.5.4"
      }
    },
    {
      "identity" : "audiokitui",
      "kind" : "remoteSourceControl",
      "location" : "https://github.com/AudioKit/AudioKitUI.git",
      "state" : {
        "revision" : "f9459fa0c1029055da48d974e8b6acb88b171c4d",
        "version" : "0.2.0"
      }
    }
  ],
  "version" : 2
}
